// !$*UTF8*$!
{
	archiveVersion = 1;
	classes = {
	};
	objectVersion = 56;
	objects = {

/* Begin PBXBuildFile section */
		160B40E02C16F59000C2A2E3 /* AppDelegate.m in Sources */ = {isa = PBXBuildFile; fileRef = 160B40DF2C16F59000C2A2E3 /* AppDelegate.m */; };
		160B40E32C16F59000C2A2E3 /* SceneDelegate.m in Sources */ = {isa = PBXBuildFile; fileRef = 160B40E22C16F59000C2A2E3 /* SceneDelegate.m */; };
		160B40E62C16F59000C2A2E3 /* ViewController.m in Sources */ = {isa = PBXBuildFile; fileRef = 160B40E52C16F59000C2A2E3 /* ViewController.m */; };
		160B40E92C16F59000C2A2E3 /* Base in Resources */ = {isa = PBXBuildFile; fileRef = 160B40E82C16F59000C2A2E3 /* Base */; };
		160B40EB2C16F59100C2A2E3 /* Assets.xcassets in Resources */ = {isa = PBXBuildFile; fileRef = 160B40EA2C16F59100C2A2E3 /* Assets.xcassets */; };
		160B40EE2C16F59100C2A2E3 /* Base in Resources */ = {isa = PBXBuildFile; fileRef = 160B40ED2C16F59100C2A2E3 /* Base */; };
		160B40F12C16F59100C2A2E3 /* main.m in Sources */ = {isa = PBXBuildFile; fileRef = 160B40F02C16F59100C2A2E3 /* main.m */; };
		160B40FB2C16F59200C2A2E3 /* iTahDoodleTests.m in Sources */ = {isa = PBXBuildFile; fileRef = 160B40FA2C16F59200C2A2E3 /* iTahDoodleTests.m */; };
		160B41052C16F59200C2A2E3 /* iTahDoodleUITests.m in Sources */ = {isa = PBXBuildFile; fileRef = 160B41042C16F59200C2A2E3 /* iTahDoodleUITests.m */; };
		160B41072C16F59200C2A2E3 /* iTahDoodleUITestsLaunchTests.m in Sources */ = {isa = PBXBuildFile; fileRef = 160B41062C16F59200C2A2E3 /* iTahDoodleUITestsLaunchTests.m */; };
/* End PBXBuildFile section */

/* Begin PBXContainerItemProxy section */
		160B40F72C16F59200C2A2E3 /* PBXContainerItemProxy */ = {
			isa = PBXContainerItemProxy;
			containerPortal = 160B40D32C16F59000C2A2E3 /* Project object */;
			proxyType = 1;
			remoteGlobalIDString = 160B40DA2C16F59000C2A2E3;
			remoteInfo = iTahDoodle;
		};
		160B41012C16F59200C2A2E3 /* PBXContainerItemProxy */ = {
			isa = PBXContainerItemProxy;
			containerPortal = 160B40D32C16F59000C2A2E3 /* Project object */;
			proxyType = 1;
			remoteGlobalIDString = 160B40DA2C16F59000C2A2E3;
			remoteInfo = iTahDoodle;
		};
/* End PBXContainerItemProxy section */

/* Begin PBXFileReference section */
		160B40DB2C16F59000C2A2E3 /* iTahDoodle.app */ = {isa = PBXFileReference; explicitFileType = wrapper.application; includeInIndex = 0; path = iTahDoodle.app; sourceTree = BUILT_PRODUCTS_DIR; };
		160B40DE2C16F59000C2A2E3 /* AppDelegate.h */ = {isa = PBXFileReference; lastKnownFileType = sourcecode.c.h; path = AppDelegate.h; sourceTree = "<group>"; };
		160B40DF2C16F59000C2A2E3 /* AppDelegate.m */ = {isa = PBXFileReference; lastKnownFileType = sourcecode.c.objc; path = AppDelegate.m; sourceTree = "<group>"; };
		160B40E12C16F59000C2A2E3 /* SceneDelegate.h */ = {isa = PBXFileReference; lastKnownFileType = sourcecode.c.h; path = SceneDelegate.h; sourceTree = "<group>"; };
		160B40E22C16F59000C2A2E3 /* SceneDelegate.m */ = {isa = PBXFileReference; lastKnownFileType = sourcecode.c.objc; path = SceneDelegate.m; sourceTree = "<group>"; };
		160B40E42C16F59000C2A2E3 /* ViewController.h */ = {isa = PBXFileReference; lastKnownFileType = sourcecode.c.h; path = ViewController.h; sourceTree = "<group>"; };
		160B40E52C16F59000C2A2E3 /* ViewController.m */ = {isa = PBXFileReference; lastKnownFileType = sourcecode.c.objc; path = ViewController.m; sourceTree = "<group>"; };
		160B40E82C16F59000C2A2E3 /* Base */ = {isa = PBXFileReference; lastKnownFileType = file.storyboard; name = Base; path = Base.lproj/Main.storyboard; sourceTree = "<group>"; };
		160B40EA2C16F59100C2A2E3 /* Assets.xcassets */ = {isa = PBXFileReference; lastKnownFileType = folder.assetcatalog; path = Assets.xcassets; sourceTree = "<group>"; };
		160B40ED2C16F59100C2A2E3 /* Base */ = {isa = PBXFileReference; lastKnownFileType = file.storyboard; name = Base; path = Base.lproj/LaunchScreen.storyboard; sourceTree = "<group>"; };
		160B40EF2C16F59100C2A2E3 /* Info.plist */ = {isa = PBXFileReference; lastKnownFileType = text.plist.xml; path = Info.plist; sourceTree = "<group>"; };
		160B40F02C16F59100C2A2E3 /* main.m */ = {isa = PBXFileReference; lastKnownFileType = sourcecode.c.objc; path = main.m; sourceTree = "<group>"; };
		160B40F62C16F59200C2A2E3 /* iTahDoodleTests.xctest */ = {isa = PBXFileReference; explicitFileType = wrapper.cfbundle; includeInIndex = 0; path = iTahDoodleTests.xctest; sourceTree = BUILT_PRODUCTS_DIR; };
		160B40FA2C16F59200C2A2E3 /* iTahDoodleTests.m */ = {isa = PBXFileReference; lastKnownFileType = sourcecode.c.objc; path = iTahDoodleTests.m; sourceTree = "<group>"; };
		160B41002C16F59200C2A2E3 /* iTahDoodleUITests.xctest */ = {isa = PBXFileReference; explicitFileType = wrapper.cfbundle; includeInIndex = 0; path = iTahDoodleUITests.xctest; sourceTree = BUILT_PRODUCTS_DIR; };
		160B41042C16F59200C2A2E3 /* iTahDoodleUITests.m */ = {isa = PBXFileReference; lastKnownFileType = sourcecode.c.objc; path = iTahDoodleUITests.m; sourceTree = "<group>"; };
		160B41062C16F59200C2A2E3 /* iTahDoodleUITestsLaunchTests.m */ = {isa = PBXFileReference; lastKnownFileType = sourcecode.c.objc; path = iTahDoodleUITestsLaunchTests.m; sourceTree = "<group>"; };
/* End PBXFileReference section */

/* Begin PBXFrameworksBuildPhase section */
		160B40D82C16F59000C2A2E3 /* Frameworks */ = {
			isa = PBXFrameworksBuildPhase;
			buildActionMask = 2147483647;
			files = (
			);
			runOnlyForDeploymentPostprocessing = 0;
		};
		160B40F32C16F59200C2A2E3 /* Frameworks */ = {
			isa = PBXFrameworksBuildPhase;
			buildActionMask = 2147483647;
			files = (
			);
			runOnlyForDeploymentPostprocessing = 0;
		};
		160B40FD2C16F59200C2A2E3 /* Frameworks */ = {
			isa = PBXFrameworksBuildPhase;
			buildActionMask = 2147483647;
			files = (
			);
			runOnlyForDeploymentPostprocessing = 0;
		};
/* End PBXFrameworksBuildPhase section */

/* Begin PBXGroup section */
		160B40D22C16F59000C2A2E3 = {
			isa = PBXGroup;
			children = (
				160B40DD2C16F59000C2A2E3 /* iTahDoodle */,
				160B40F92C16F59200C2A2E3 /* iTahDoodleTests */,
				160B41032C16F59200C2A2E3 /* iTahDoodleUITests */,
				160B40DC2C16F59000C2A2E3 /* Products */,
			);
			sourceTree = "<group>";
		};
		160B40DC2C16F59000C2A2E3 /* Products */ = {
			isa = PBXGroup;
			children = (
				160B40DB2C16F59000C2A2E3 /* iTahDoodle.app */,
				160B40F62C16F59200C2A2E3 /* iTahDoodleTests.xctest */,
				160B41002C16F59200C2A2E3 /* iTahDoodleUITests.xctest */,
			);
			name = Products;
			sourceTree = "<group>";
		};
		160B40DD2C16F59000C2A2E3 /* iTahDoodle */ = {
			isa = PBXGroup;
			children = (
				160B40DE2C16F59000C2A2E3 /* AppDelegate.h */,
				160B40DF2C16F59000C2A2E3 /* AppDelegate.m */,
				160B40E12C16F59000C2A2E3 /* SceneDelegate.h */,
				160B40E22C16F59000C2A2E3 /* SceneDelegate.m */,
				160B40E42C16F59000C2A2E3 /* ViewController.h */,
				160B40E52C16F59000C2A2E3 /* ViewController.m */,
				160B40E72C16F59000C2A2E3 /* Main.storyboard */,
				160B40EA2C16F59100C2A2E3 /* Assets.xcassets */,
				160B40EC2C16F59100C2A2E3 /* LaunchScreen.storyboard */,
				160B40EF2C16F59100C2A2E3 /* Info.plist */,
				160B40F02C16F59100C2A2E3 /* main.m */,
			);
			path = iTahDoodle;
			sourceTree = "<group>";
		};
		160B40F92C16F59200C2A2E3 /* iTahDoodleTests */ = {
			isa = PBXGroup;
			children = (
				160B40FA2C16F59200C2A2E3 /* iTahDoodleTests.m */,
			);
			path = iTahDoodleTests;
			sourceTree = "<group>";
		};
		160B41032C16F59200C2A2E3 /* iTahDoodleUITests */ = {
			isa = PBXGroup;
			children = (
				160B41042C16F59200C2A2E3 /* iTahDoodleUITests.m */,
				160B41062C16F59200C2A2E3 /* iTahDoodleUITestsLaunchTests.m */,
			);
			path = iTahDoodleUITests;
			sourceTree = "<group>";
		};
/* End PBXGroup section */

/* Begin PBXNativeTarget section */
		160B40DA2C16F59000C2A2E3 /* iTahDoodle */ = {
			isa = PBXNativeTarget;
			buildConfigurationList = 160B410A2C16F59200C2A2E3 /* Build configuration list for PBXNativeTarget "iTahDoodle" */;
			buildPhases = (
				160B40D72C16F59000C2A2E3 /* Sources */,
				160B40D82C16F59000C2A2E3 /* Frameworks */,
				160B40D92C16F59000C2A2E3 /* Resources */,
			);
			buildRules = (
			);
			dependencies = (
			);
			name = iTahDoodle;
			productName = iTahDoodle;
			productReference = 160B40DB2C16F59000C2A2E3 /* iTahDoodle.app */;
			productType = "com.apple.product-type.application";
		};
		160B40F52C16F59200C2A2E3 /* iTahDoodleTests */ = {
			isa = PBXNativeTarget;
			buildConfigurationList = 160B410D2C16F59200C2A2E3 /* Build configuration list for PBXNativeTarget "iTahDoodleTests" */;
			buildPhases = (
				160B40F22C16F59200C2A2E3 /* Sources */,
				160B40F32C16F59200C2A2E3 /* Frameworks */,
				160B40F42C16F59200C2A2E3 /* Resources */,
			);
			buildRules = (
			);
			dependencies = (
				160B40F82C16F59200C2A2E3 /* PBXTargetDependency */,
			);
			name = iTahDoodleTests;
			productName = iTahDoodleTests;
			productReference = 160B40F62C16F59200C2A2E3 /* iTahDoodleTests.xctest */;
			productType = "com.apple.product-type.bundle.unit-test";
		};
		160B40FF2C16F59200C2A2E3 /* iTahDoodleUITests */ = {
			isa = PBXNativeTarget;
			buildConfigurationList = 160B41102C16F59200C2A2E3 /* Build configuration list for PBXNativeTarget "iTahDoodleUITests" */;
			buildPhases = (
				160B40FC2C16F59200C2A2E3 /* Sources */,
				160B40FD2C16F59200C2A2E3 /* Frameworks */,
				160B40FE2C16F59200C2A2E3 /* Resources */,
			);
			buildRules = (
			);
			dependencies = (
				160B41022C16F59200C2A2E3 /* PBXTargetDependency */,
			);
			name = iTahDoodleUITests;
			productName = iTahDoodleUITests;
			productReference = 160B41002C16F59200C2A2E3 /* iTahDoodleUITests.xctest */;
			productType = "com.apple.product-type.bundle.ui-testing";
		};
/* End PBXNativeTarget section */

/* Begin PBXProject section */
		160B40D32C16F59000C2A2E3 /* Project object */ = {
			isa = PBXProject;
			attributes = {
				BuildIndependentTargetsInParallel = 1;
				LastUpgradeCheck = 1540;
				TargetAttributes = {
					160B40DA2C16F59000C2A2E3 = {
						CreatedOnToolsVersion = 15.4;
					};
					160B40F52C16F59200C2A2E3 = {
						CreatedOnToolsVersion = 15.4;
						TestTargetID = 160B40DA2C16F59000C2A2E3;
					};
					160B40FF2C16F59200C2A2E3 = {
						CreatedOnToolsVersion = 15.4;
						TestTargetID = 160B40DA2C16F59000C2A2E3;
					};
				};
			};
			buildConfigurationList = 160B40D62C16F59000C2A2E3 /* Build configuration list for PBXProject "iTahDoodle" */;
			compatibilityVersion = "Xcode 14.0";
			developmentRegion = en;
			hasScannedForEncodings = 0;
			knownRegions = (
				en,
				Base,
			);
			mainGroup = 160B40D22C16F59000C2A2E3;
			productRefGroup = 160B40DC2C16F59000C2A2E3 /* Products */;
			projectDirPath = "";
			projectRoot = "";
			targets = (
				160B40DA2C16F59000C2A2E3 /* iTahDoodle */,
				160B40F52C16F59200C2A2E3 /* iTahDoodleTests */,
				160B40FF2C16F59200C2A2E3 /* iTahDoodleUITests */,
			);
		};
/* End PBXProject section */

/* Begin PBXResourcesBuildPhase section */
		160B40D92C16F59000C2A2E3 /* Resources */ = {
			isa = PBXResourcesBuildPhase;
			buildActionMask = 2147483647;
			files = (
				160B40EB2C16F59100C2A2E3 /* Assets.xcassets in Resources */,
				160B40EE2C16F59100C2A2E3 /* Base in Resources */,
				160B40E92C16F59000C2A2E3 /* Base in Resources */,
			);
			runOnlyForDeploymentPostprocessing = 0;
		};
		160B40F42C16F59200C2A2E3 /* Resources */ = {
			isa = PBXResourcesBuildPhase;
			buildActionMask = 2147483647;
			files = (
			);
			runOnlyForDeploymentPostprocessing = 0;
		};
		160B40FE2C16F59200C2A2E3 /* Resources */ = {
			isa = PBXResourcesBuildPhase;
			buildActionMask = 2147483647;
			files = (
			);
			runOnlyForDeploymentPostprocessing = 0;
		};
/* End PBXResourcesBuildPhase section */

/* Begin PBXSourcesBuildPhase section */
		160B40D72C16F59000C2A2E3 /* Sources */ = {
			isa = PBXSourcesBuildPhase;
			buildActionMask = 2147483647;
			files = (
				160B40E62C16F59000C2A2E3 /* ViewController.m in Sources */,
				160B40E02C16F59000C2A2E3 /* AppDelegate.m in Sources */,
				160B40F12C16F59100C2A2E3 /* main.m in Sources */,
				160B40E32C16F59000C2A2E3 /* SceneDelegate.m in Sources */,
			);
			runOnlyForDeploymentPostprocessing = 0;
		};
		160B40F22C16F59200C2A2E3 /* Sources */ = {
			isa = PBXSourcesBuildPhase;
			buildActionMask = 2147483647;
			files = (
				160B40FB2C16F59200C2A2E3 /* iTahDoodleTests.m in Sources */,
			);
			runOnlyForDeploymentPostprocessing = 0;
		};
		160B40FC2C16F59200C2A2E3 /* Sources */ = {
			isa = PBXSourcesBuildPhase;
			buildActionMask = 2147483647;
			files = (
				160B41052C16F59200C2A2E3 /* iTahDoodleUITests.m in Sources */,
				160B41072C16F59200C2A2E3 /* iTahDoodleUITestsLaunchTests.m in Sources */,
			);
			runOnlyForDeploymentPostprocessing = 0;
		};
/* End PBXSourcesBuildPhase section */

/* Begin PBXTargetDependency section */
		160B40F82C16F59200C2A2E3 /* PBXTargetDependency */ = {
			isa = PBXTargetDependency;
			target = 160B40DA2C16F59000C2A2E3 /* iTahDoodle */;
			targetProxy = 160B40F72C16F59200C2A2E3 /* PBXContainerItemProxy */;
		};
		160B41022C16F59200C2A2E3 /* PBXTargetDependency */ = {
			isa = PBXTargetDependency;
			target = 160B40DA2C16F59000C2A2E3 /* iTahDoodle */;
			targetProxy = 160B41012C16F59200C2A2E3 /* PBXContainerItemProxy */;
		};
/* End PBXTargetDependency section */

/* Begin PBXVariantGroup section */
		160B40E72C16F59000C2A2E3 /* Main.storyboard */ = {
			isa = PBXVariantGroup;
			children = (
				160B40E82C16F59000C2A2E3 /* Base */,
			);
			name = Main.storyboard;
			sourceTree = "<group>";
		};
		160B40EC2C16F59100C2A2E3 /* LaunchScreen.storyboard */ = {
			isa = PBXVariantGroup;
			children = (
				160B40ED2C16F59100C2A2E3 /* Base */,
			);
			name = LaunchScreen.storyboard;
			sourceTree = "<group>";
		};
/* End PBXVariantGroup section */

/* Begin XCBuildConfiguration section */
		160B41082C16F59200C2A2E3 /* Debug */ = {
			isa = XCBuildConfiguration;
			buildSettings = {
				ALWAYS_SEARCH_USER_PATHS = NO;
				ASSETCATALOG_COMPILER_GENERATE_SWIFT_ASSET_SYMBOL_EXTENSIONS = YES;
				CLANG_ANALYZER_NONNULL = YES;
				CLANG_ANALYZER_NUMBER_OBJECT_CONVERSION = YES_AGGRESSIVE;
				CLANG_CXX_LANGUAGE_STANDARD = "gnu++20";
				CLANG_ENABLE_MODULES = YES;
				CLANG_ENABLE_OBJC_ARC = YES;
				CLANG_ENABLE_OBJC_WEAK = YES;
				CLANG_WARN_BLOCK_CAPTURE_AUTORELEASING = YES;
				CLANG_WARN_BOOL_CONVERSION = YES;
				CLANG_WARN_COMMA = YES;
				CLANG_WARN_CONSTANT_CONVERSION = YES;
				CLANG_WARN_DEPRECATED_OBJC_IMPLEMENTATIONS = YES;
				CLANG_WARN_DIRECT_OBJC_ISA_USAGE = YES_ERROR;
				CLANG_WARN_DOCUMENTATION_COMMENTS = YES;
				CLANG_WARN_EMPTY_BODY = YES;
				CLANG_WARN_ENUM_CONVERSION = YES;
				CLANG_WARN_INFINITE_RECURSION = YES;
				CLANG_WARN_INT_CONVERSION = YES;
				CLANG_WARN_NON_LITERAL_NULL_CONVERSION = YES;
				CLANG_WARN_OBJC_IMPLICIT_RETAIN_SELF = YES;
				CLANG_WARN_OBJC_LITERAL_CONVERSION = YES;
				CLANG_WARN_OBJC_ROOT_CLASS = YES_ERROR;
				CLANG_WARN_QUOTED_INCLUDE_IN_FRAMEWORK_HEADER = YES;
				CLANG_WARN_RANGE_LOOP_ANALYSIS = YES;
				CLANG_WARN_STRICT_PROTOTYPES = YES;
				CLANG_WARN_SUSPICIOUS_MOVE = YES;
				CLANG_WARN_UNGUARDED_AVAILABILITY = YES_AGGRESSIVE;
				CLANG_WARN_UNREACHABLE_CODE = YES;
				CLANG_WARN__DUPLICATE_METHOD_MATCH = YES;
				COPY_PHASE_STRIP = NO;
				DEBUG_INFORMATION_FORMAT = dwarf;
				ENABLE_STRICT_OBJC_MSGSEND = YES;
				ENABLE_TESTABILITY = YES;
				ENABLE_USER_SCRIPT_SANDBOXING = YES;
				GCC_C_LANGUAGE_STANDARD = gnu17;
				GCC_DYNAMIC_NO_PIC = NO;
				GCC_NO_COMMON_BLOCKS = YES;
				GCC_OPTIMIZATION_LEVEL = 0;
				GCC_PREPROCESSOR_DEFINITIONS = (
					"DEBUG=1",
					"$(inherited)",
				);
				GCC_WARN_64_TO_32_BIT_CONVERSION = YES;
				GCC_WARN_ABOUT_RETURN_TYPE = YES_ERROR;
				GCC_WARN_UNDECLARED_SELECTOR = YES;
				GCC_WARN_UNINITIALIZED_AUTOS = YES_AGGRESSIVE;
				GCC_WARN_UNUSED_FUNCTION = YES;
				GCC_WARN_UNUSED_VARIABLE = YES;
				IPHONEOS_DEPLOYMENT_TARGET = 17.5;
				LOCALIZATION_PREFERS_STRING_CATALOGS = YES;
				MTL_ENABLE_DEBUG_INFO = INCLUDE_SOURCE;
				MTL_FAST_MATH = YES;
				ONLY_ACTIVE_ARCH = YES;
				SDKROOT = iphoneos;
			};
			name = Debug;
		};
		160B41092C16F59200C2A2E3 /* Release */ = {
			isa = XCBuildConfiguration;
			buildSettings = {
				ALWAYS_SEARCH_USER_PATHS = NO;
				ASSETCATALOG_COMPILER_GENERATE_SWIFT_ASSET_SYMBOL_EXTENSIONS = YES;
				CLANG_ANALYZER_NONNULL = YES;
				CLANG_ANALYZER_NUMBER_OBJECT_CONVERSION = YES_AGGRESSIVE;
				CLANG_CXX_LANGUAGE_STANDARD = "gnu++20";
				CLANG_ENABLE_MODULES = YES;
				CLANG_ENABLE_OBJC_ARC = YES;
				CLANG_ENABLE_OBJC_WEAK = YES;
				CLANG_WARN_BLOCK_CAPTURE_AUTORELEASING = YES;
				CLANG_WARN_BOOL_CONVERSION = YES;
				CLANG_WARN_COMMA = YES;
				CLANG_WARN_CONSTANT_CONVERSION = YES;
				CLANG_WARN_DEPRECATED_OBJC_IMPLEMENTATIONS = YES;
				CLANG_WARN_DIRECT_OBJC_ISA_USAGE = YES_ERROR;
				CLANG_WARN_DOCUMENTATION_COMMENTS = YES;
				CLANG_WARN_EMPTY_BODY = YES;
				CLANG_WARN_ENUM_CONVERSION = YES;
				CLANG_WARN_INFINITE_RECURSION = YES;
				CLANG_WARN_INT_CONVERSION = YES;
				CLANG_WARN_NON_LITERAL_NULL_CONVERSION = YES;
				CLANG_WARN_OBJC_IMPLICIT_RETAIN_SELF = YES;
				CLANG_WARN_OBJC_LITERAL_CONVERSION = YES;
				CLANG_WARN_OBJC_ROOT_CLASS = YES_ERROR;
				CLANG_WARN_QUOTED_INCLUDE_IN_FRAMEWORK_HEADER = YES;
				CLANG_WARN_RANGE_LOOP_ANALYSIS = YES;
				CLANG_WARN_STRICT_PROTOTYPES = YES;
				CLANG_WARN_SUSPICIOUS_MOVE = YES;
				CLANG_WARN_UNGUARDED_AVAILABILITY = YES_AGGRESSIVE;
				CLANG_WARN_UNREACHABLE_CODE = YES;
				CLANG_WARN__DUPLICATE_METHOD_MATCH = YES;
				COPY_PHASE_STRIP = NO;
				DEBUG_INFORMATION_FORMAT = "dwarf-with-dsym";
				ENABLE_NS_ASSERTIONS = NO;
				ENABLE_STRICT_OBJC_MSGSEND = YES;
				ENABLE_USER_SCRIPT_SANDBOXING = YES;
				GCC_C_LANGUAGE_STANDARD = gnu17;
				GCC_NO_COMMON_BLOCKS = YES;
				GCC_WARN_64_TO_32_BIT_CONVERSION = YES;
				GCC_WARN_ABOUT_RETURN_TYPE = YES_ERROR;
				GCC_WARN_UNDECLARED_SELECTOR = YES;
				GCC_WARN_UNINITIALIZED_AUTOS = YES_AGGRESSIVE;
				GCC_WARN_UNUSED_FUNCTION = YES;
				GCC_WARN_UNUSED_VARIABLE = YES;
				IPHONEOS_DEPLOYMENT_TARGET = 17.5;
				LOCALIZATION_PREFERS_STRING_CATALOGS = YES;
				MTL_ENABLE_DEBUG_INFO = NO;
				MTL_FAST_MATH = YES;
				SDKROOT = iphoneos;
				VALIDATE_PRODUCT = YES;
			};
			name = Release;
		};
		160B410B2C16F59200C2A2E3 /* Debug */ = {
			isa = XCBuildConfiguration;
			buildSettings = {
				ASSETCATALOG_COMPILER_APPICON_NAME = AppIcon;
				ASSETCATALOG_COMPILER_GLOBAL_ACCENT_COLOR_NAME = AccentColor;
				CODE_SIGN_STYLE = Automatic;
				CURRENT_PROJECT_VERSION = 1;
				DEVELOPMENT_TEAM = 2Q82AV96CC;
				GENERATE_INFOPLIST_FILE = YES;
				INFOPLIST_FILE = iTahDoodle/Info.plist;
				INFOPLIST_KEY_UIApplicationSupportsIndirectInputEvents = YES;
				INFOPLIST_KEY_UILaunchStoryboardName = LaunchScreen;
				INFOPLIST_KEY_UIMainStoryboardFile = Main;
				INFOPLIST_KEY_UISupportedInterfaceOrientations_iPad = "UIInterfaceOrientationPortrait UIInterfaceOrientationPortraitUpsideDown UIInterfaceOrientationLandscapeLeft UIInterfaceOrientationLandscapeRight";
				INFOPLIST_KEY_UISupportedInterfaceOrientations_iPhone = "UIInterfaceOrientationPortrait UIInterfaceOrientationLandscapeLeft UIInterfaceOrientationLandscapeRight";
				LD_RUNPATH_SEARCH_PATHS = (
					"$(inherited)",
					"@executable_path/Frameworks",
				);
				MARKETING_VERSION = 1.0;
				PRODUCT_BUNDLE_IDENTIFIER = uestcxiye.iTahDoodle;
				PRODUCT_NAME = "$(TARGET_NAME)";
				SWIFT_EMIT_LOC_STRINGS = YES;
				TARGETED_DEVICE_FAMILY = "1,2";
			};
			name = Debug;
		};
		160B410C2C16F59200C2A2E3 /* Release */ = {
			isa = XCBuildConfiguration;
			buildSettings = {
				ASSETCATALOG_COMPILER_APPICON_NAME = AppIcon;
				ASSETCATALOG_COMPILER_GLOBAL_ACCENT_COLOR_NAME = AccentColor;
				CODE_SIGN_STYLE = Automatic;
				CURRENT_PROJECT_VERSION = 1;
				DEVELOPMENT_TEAM = 2Q82AV96CC;
				GENERATE_INFOPLIST_FILE = YES;
				INFOPLIST_FILE = iTahDoodle/Info.plist;
				INFOPLIST_KEY_UIApplicationSupportsIndirectInputEvents = YES;
				INFOPLIST_KEY_UILaunchStoryboardName = LaunchScreen;
				INFOPLIST_KEY_UIMainStoryboardFile = Main;
				INFOPLIST_KEY_UISupportedInterfaceOrientations_iPad = "UIInterfaceOrientationPortrait UIInterfaceOrientationPortraitUpsideDown UIInterfaceOrientationLandscapeLeft UIInterfaceOrientationLandscapeRight";
				INFOPLIST_KEY_UISupportedInterfaceOrientations_iPhone = "UIInterfaceOrientationPortrait UIInterfaceOrientationLandscapeLeft UIInterfaceOrientationLandscapeRight";
				LD_RUNPATH_SEARCH_PATHS = (
					"$(inherited)",
					"@executable_path/Frameworks",
				);
				MARKETING_VERSION = 1.0;
				PRODUCT_BUNDLE_IDENTIFIER = uestcxiye.iTahDoodle;
				PRODUCT_NAME = "$(TARGET_NAME)";
				SWIFT_EMIT_LOC_STRINGS = YES;
				TARGETED_DEVICE_FAMILY = "1,2";
			};
			name = Release;
		};
		160B410E2C16F59200C2A2E3 /* Debug */ = {
			isa = XCBuildConfiguration;
			buildSettings = {
				BUNDLE_LOADER = "$(TEST_HOST)";
				CODE_SIGN_STYLE = Automatic;
				CURRENT_PROJECT_VERSION = 1;
				DEVELOPMENT_TEAM = 2Q82AV96CC;
				GENERATE_INFOPLIST_FILE = YES;
				IPHONEOS_DEPLOYMENT_TARGET = 17.5;
				MARKETING_VERSION = 1.0;
				PRODUCT_BUNDLE_IDENTIFIER = uestcxiye.iTahDoodleTests;
				PRODUCT_NAME = "$(TARGET_NAME)";
				SWIFT_EMIT_LOC_STRINGS = NO;
				TARGETED_DEVICE_FAMILY = "1,2";
				TEST_HOST = "$(BUILT_PRODUCTS_DIR)/iTahDoodle.app/$(BUNDLE_EXECUTABLE_FOLDER_PATH)/iTahDoodle";
			};
			name = Debug;
		};
		160B410F2C16F59200C2A2E3 /* Release */ = {
			isa = XCBuildConfiguration;
			buildSettings = {
				BUNDLE_LOADER = "$(TEST_HOST)";
				CODE_SIGN_STYLE = Automatic;
				CURRENT_PROJECT_VERSION = 1;
				DEVELOPMENT_TEAM = 2Q82AV96CC;
				GENERATE_INFOPLIST_FILE = YES;
				IPHONEOS_DEPLOYMENT_TARGET = 17.5;
				MARKETING_VERSION = 1.0;
				PRODUCT_BUNDLE_IDENTIFIER = uestcxiye.iTahDoodleTests;
				PRODUCT_NAME = "$(TARGET_NAME)";
				SWIFT_EMIT_LOC_STRINGS = NO;
				TARGETED_DEVICE_FAMILY = "1,2";
				TEST_HOST = "$(BUILT_PRODUCTS_DIR)/iTahDoodle.app/$(BUNDLE_EXECUTABLE_FOLDER_PATH)/iTahDoodle";
			};
			name = Release;
		};
		160B41112C16F59200C2A2E3 /* Debug */ = {
			isa = XCBuildConfiguration;
			buildSettings = {
				CODE_SIGN_STYLE = Automatic;
				CURRENT_PROJECT_VERSION = 1;
				DEVELOPMENT_TEAM = 2Q82AV96CC;
				GENERATE_INFOPLIST_FILE = YES;
				MARKETING_VERSION = 1.0;
				PRODUCT_BUNDLE_IDENTIFIER = uestcxiye.iTahDoodleUITests;
				PRODUCT_NAME = "$(TARGET_NAME)";
				SWIFT_EMIT_LOC_STRINGS = NO;
				TARGETED_DEVICE_FAMILY = "1,2";
				TEST_TARGET_NAME = iTahDoodle;
			};
			name = Debug;
		};
		160B41122C16F59200C2A2E3 /* Release */ = {
			isa = XCBuildConfiguration;
			buildSettings = {
				CODE_SIGN_STYLE = Automatic;
				CURRENT_PROJECT_VERSION = 1;
				DEVELOPMENT_TEAM = 2Q82AV96CC;
				GENERATE_INFOPLIST_FILE = YES;
				MARKETING_VERSION = 1.0;
				PRODUCT_BUNDLE_IDENTIFIER = uestcxiye.iTahDoodleUITests;
				PRODUCT_NAME = "$(TARGET_NAME)";
				SWIFT_EMIT_LOC_STRINGS = NO;
				TARGETED_DEVICE_FAMILY = "1,2";
				TEST_TARGET_NAME = iTahDoodle;
			};
			name = Release;
		};
/* End XCBuildConfiguration section */

/* Begin XCConfigurationList section */
		160B40D62C16F59000C2A2E3 /* Build configuration list for PBXProject "iTahDoodle" */ = {
			isa = XCConfigurationList;
			buildConfigurations = (
				160B41082C16F59200C2A2E3 /* Debug */,
				160B41092C16F59200C2A2E3 /* Release */,
			);
			defaultConfigurationIsVisible = 0;
			defaultConfigurationName = Release;
		};
		160B410A2C16F59200C2A2E3 /* Build configuration list for PBXNativeTarget "iTahDoodle" */ = {
			isa = XCConfigurationList;
			buildConfigurations = (
				160B410B2C16F59200C2A2E3 /* Debug */,
				160B410C2C16F59200C2A2E3 /* Release */,
			);
			defaultConfigurationIsVisible = 0;
			defaultConfigurationName = Release;
		};
		160B410D2C16F59200C2A2E3 /* Build configuration list for PBXNativeTarget "iTahDoodleTests" */ = {
			isa = XCConfigurationList;
			buildConfigurations = (
				160B410E2C16F59200C2A2E3 /* Debug */,
				160B410F2C16F59200C2A2E3 /* Release */,
			);
			defaultConfigurationIsVisible = 0;
			defaultConfigurationName = Release;
		};
		160B41102C16F59200C2A2E3 /* Build configuration list for PBXNativeTarget "iTahDoodleUITests" */ = {
			isa = XCConfigurationList;
			buildConfigurations = (
				160B41112C16F59200C2A2E3 /* Debug */,
				160B41122C16F59200C2A2E3 /* Release */,
			);
			defaultConfigurationIsVisible = 0;
			defaultConfigurationName = Release;
		};
/* End XCConfigurationList section */
	};
	rootObject = 160B40D32C16F59000C2A2E3 /* Project object */;
}
